
Microsoft Visual Studio Solution File, Format Version 12.00
# Visual Studio Version 17
VisualStudioVersion = 17.11.35327.3
MinimumVisualStudioVersion = 10.0.40219.1
Project("{FAE04EC0-301F-11D3-BF4B-00C04F79EFBC}") = "ProyectoRelampago", "ProyectoRelampago\ProyectoRelampago.csproj", "{5C70C7BA-DD8D-46CF-B347-898831178C05}"
EndProject
Global
	GlobalSection(SolutionConfigurationPlatforms) = preSolution
		Debug|Any CPU = Debug|Any CPU
		Release|Any CPU = Release|Any CPU
	EndGlobalSection
	GlobalSection(ProjectConfigurationPlatforms) = postSolution
		{5C70C7BA-DD8D-46CF-B347-898831178C05}.Debug|Any CPU.ActiveCfg = Debug|Any CPU
		{5C70C7BA-DD8D-46CF-B347-898831178C05}.Debug|Any CPU.Build.0 = Debug|Any CPU
		{5C70C7BA-DD8D-46CF-B347-898831178C05}.Release|Any CPU.ActiveCfg = Release|Any CPU
		{5C70C7BA-DD8D-46CF-B347-898831178C05}.Release|Any CPU.Build.0 = Release|Any CPU
	EndGlobalSection
	GlobalSection(SolutionProperties) = preSolution
		HideSolutionNode = FALSE
	EndGlobalSection
	GlobalSection(ExtensibilityGlobals) = postSolution
		SolutionGuid = {09EFC8F3-ABEC-49F8-9F1A-ECA1C3D81E19}
	EndGlobalSection
EndGlobal
